# This file is generated by running "yarn install" inside your project.
# Manual changes might be lost - proceed with caution!

__metadata:
  version: 5
  cacheKey: 8

"my-package@workspace:.":
  version: 0.0.0-use.local,
  resolution: ""
  dependencies:
    st-jss: ^1.0.5
  conditions: os=darwin
  languageName: node
  linkType: hard

"st-jss@npm:^1.0.5":
  version: 1.0.5
  resolution: st-jss@npm:1.0.5
  checksum: bff48714944d67b160db71ba244fb0f3fe72e77ef2ec8414e2eeb56f2d926e404a13456b8b83a5392e217ba47dec2ec0c368801b31481813e94d185276c3e964
  languageName: node
  linkType: hard

"vscode-zipfs@workspace:packages/vscode-zipfs":
  version: 0.0.0-use.local
  resolution: "vscode-zipfs@workspace:packages/vscode-zipfs"
  languageName: unknown
  linkType: soft