# This file is generated by running "yarn install" inside your project.
# Manual changes might be lost - proceed with caution!

__metadata:
  version: 6
  cacheKey: 8

"@types/asn1-parser@npm:^1.1.8":
  version: 1.1.8
  resolution: "asn1-parser@npm:1.1.8"
  checksum: 66956cc3097227a6598453e22c307fa03083d2084712376b811987cae85f3681e55908410f0a4210c6d06d4b96ab6048ccbb7feedcb5a01a7e4cc56a0a55e1e8
  languageName: node
  linkType: hard

"bluecrypt-ssh-to-jwk@portal:./some-project":
  version: 1.0.3
  resolution: "bluecrypt-ssh-to-jwk@npm:1.0.3"
  checksum: 84e14a3f18fca45406f075d646c0eaaf3b1bbeae0bcaea97f71315678d13e81ff02b84cf4211941daeabe6fefc13473bf0c51c50166f2e6a250260951a6d7b13
  languageName: node
  linkType: hard

"some-project@workspace:.":
  version: 0.0.0-use.local
  resolution: "some-project@workspace:."
  dependencies:
    asn1-parser: ^1.1.8
    detector-js: ^1.3.0
    jwk-to-ssh: ^1.2.0
    rasha: ^1.2.5
    rsa-csr: ^1.0.0
    utilist: ^2.2.0
  languageName: unknown
  linkType: soft

"detector-js@npm:^1.3.0":
  version: 1.3.2
  resolution: "detector-js@npm:1.3.2"
  checksum: fa0e08aab476181ca55eb0b02ac46096ad5e922f46eadb0eec69b382622162b74a0784613850248b074edb64b66b428eb30db2c3c0ab79ffcc894f131499c8f0
  languageName: node
  linkType: hard

"gotjs@exec:./some-generator-project":
  version: 0.0.10-1
  resolution: "gotjs@npm:0.0.10-1"
  checksum: 91e04d18e7968ec88e4344b4e36e00dca4d259abe36f13bd280c2f6204fb1347b603a71c640a667bfde92efaaf843a53c8e259929267fbf7b40778b352071730
  languageName: node
  linkType: hard

"jwk-to-ssh@latest":
  version: 1.2.0
  resolution: "jwk-to-ssh@npm:1.2.0"
  bin:
    jwk-to-ssh: bin/jwk-to-ssh.js
  checksum: 25e3676c36ddbe51ff2b29d0282034c3653ba646bb1ebc5045c847deb888606202334954f3d7e4c4eefab1fdb29889a157a32d58446d613f2c48f88bd4d6f54b
  languageName: node
  linkType: hard

"rasha@git@github.com:some/project":
  version: 1.2.5
  resolution: "rasha@npm:1.2.5"
  bin:
    rasha: bin/rasha.js
  checksum: b0e8911b58f061452b6270928051957bb26a16cdd3cd5c0799c7d86ccc660abe8e965338f9835e5a5ad154f1213dd85f4064e6866bc5a039dc9a354652eeb6a3
  languageName: node
  linkType: hard

"rsa-csr@github:foo/bar":
  version: 1.0.6
  resolution: "rsa-csr@npm:1.0.6"
  bin:
    rsa-csr: bin/rsa-csr.js
  checksum: 6f2eb7525aa78b759fe5cabe6135e1c197fcfd94fb8b5fce3dc2e8fa877b0360937857e8f24a147d91c4e031d024198966017ce7fad35d95d2625785897f58b2
  languageName: node
  linkType: hard

"search-summary@patch:search-summary@1.1.1#./some-project.patch":
  version: 1.1.1
  resolution: "search-summary@npm:1.1.1"
  checksum: 69ab5ca76e15ccebdef95caaa507ac8964ebcb0e303f9c0291055b1fa610901d405c5f32952e3bc9b878dcada67842a368a4f637e5b3096611f00b91a761f941
  languageName: node
  linkType: hard

"utilist@file:./some-file":
  version: 2.2.0
  resolution: "utilist@npm:2.2.0"
  checksum: 7b70e3283d242937a442566566d849aae1e2a238cd20d506ec9751ca9080adb01cca8b86288308210ba7713671322ee26f9801d21e1238555a9aef4625174158
  languageName: node
  linkType: hard

"vanilla-tabs@link:./some-project":
  version: 0.1.0
  resolution: "vanilla-tabs@npm:0.1.0"
  checksum: ad38fe5c252a10c7748ed08b45d815f52aedc1f7cd40b4480c80c9d5585439b34d019738e015821916e88e33b188942d2319d3593433606073580d6afcb120ad
  languageName: node
  linkType: hard

