# This file is generated by running "yarn install" inside your project.
# Manual changes might be lost - proceed with caution!

__metadata:
  version: 5
  cacheKey: 8

"fsevents@patch:fsevents@^1.2.7#~builtin<compat/fsevents>":
  version: 1.2.7
  resolution: "fsevents@patch:fsevents@npm%3A1.2.7#~builtin<compat/fsevents>::version=1.2.7&hash=18f3a7"
  dependencies:
    nan: ^2.9.2
    node-pre-gyp: ^0.10.0
  conditions: os=darwin
  languageName: node
  linkType: hard

"dom-serializer@npm:^1.0.1, dom-serializer@npm:^1.3.2":
  version: 1.3.2
  resolution: "dom-serializer@npm:1.3.2"
  dependencies:
    domelementtype: ^2.0.1
    domhandler: ^4.2.0
    entities: ^2.0.0
  checksum: bff48714944d67b160db71ba244fb0f3fe72e77ef2ec8414e2eeb56f2d926e404a13456b8b83a5392e217ba47dec2ec0c368801b31481813e94d185276c3e964
  languageName: node
  linkType: hard

"@strictsoftware/typedoc-plugin-monorepo@patch:@strictsoftware/typedoc-plugin-monorepo@^0.2.2#./.patches/@strictsoftware/typedoc-plugin-monorepo.patch::locator=%40yarnpkg%2Fgatsby%40workspace%3Apackages%2Fgatsby":
  version: 0.2.2
  resolution: "@strictsoftware/typedoc-plugin-monorepo@patch:@strictsoftware/typedoc-plugin-monorepo@npm%3A0.2.2#./.patches/@strictsoftware/typedoc-plugin-monorepo.patch::version=0.2.2&hash=916087&locator=%40yarnpkg%2Fgatsby%40workspace%3Apackages%2Fgatsby"
  dependencies:
    highlight.js: ^9.15.6
    marked: ^0.8.0
  peerDependencies:
    typedoc: ">=0.8 <1.0"
  checksum: a1ce9b8f68a58c3bb735a669c00503317bc31014d0082d67e5537c9f2118e28e746ee9afced53be18e0fa5ff10b0d1fa450eb58676878e3e715332c920956e6d
  languageName: node
  linkType: hard

"@actions/core@npm:^1.2.6":
  version: 1.2.6
  resolution: "@actions/core@npm:1.2.6"
  checksum: f07d105cd5b1d309da8b5c55aad8c92a03915451455f267ac5b03220214d7f7e457b3ac6b874f592e856214491295ae8c106789b2fd5757bfcaf64fe7e0d0546
  languageName: node
  linkType: hard

"vscode-zipfs@workspace:packages/vscode-zipfs":
  version: 0.0.0-use.local
  resolution: "vscode-zipfs@workspace:packages/vscode-zipfs"
  dependencies:
    "@rollup/plugin-commonjs": ^18.0.0
    "@rollup/plugin-node-resolve": ^11.0.1
    "@types/vscode": ^1.54.0
    "@yarnpkg/fslib": "workspace:^"
    "@yarnpkg/libzip": "workspace:^"
    esbuild: "npm:esbuild-wasm@^0.11.20"
    rollup: ^2.43.0
    rollup-plugin-esbuild: ^3.0.2
    rollup-plugin-terser: ^7.0.2
    tslib: ^1.13.0
    vsce: ^1.85.1
  languageName: unknown
  linkType: soft